
Microsoft Visual Studio Solution File, Format Version 12.00
# Visual Studio 15
VisualStudioVersion = 15.0.28307.705
MinimumVisualStudioVersion = 10.0.40219.1
Project("{FAE04EC0-301F-11D3-BF4B-00C04F79EFBC}") = "TaskTracker", "TaskTracker\TaskTracker.csproj", "{19C728BA-33FC-4DE1-9375-E622A5404075}"
EndProject
Project("{FAE04EC0-301F-11D3-BF4B-00C04F79EFBC}") = "Utilities", "Utilities\Utilities.csproj", "{81CDCF47-93C6-44F8-B0BF-BE1041C3830C}"
EndProject
Project("{FAE04EC0-301F-11D3-BF4B-00C04F79EFBC}") = "EmailService", "EmailService\EmailService\EmailService.csproj", "{0E99BFFC-615E-4EF5-8547-46442F67BC56}"
EndProject
Global
	GlobalSection(SolutionConfigurationPlatforms) = preSolution
		Debug|Any CPU = Debug|Any CPU
		Release|Any CPU = Release|Any CPU
	EndGlobalSection
	GlobalSection(ProjectConfigurationPlatforms) = postSolution
		{19C728BA-33FC-4DE1-9375-E622A5404075}.Debug|Any CPU.ActiveCfg = Debug|Any CPU
		{19C728BA-33FC-4DE1-9375-E622A5404075}.Debug|Any CPU.Build.0 = Debug|Any CPU
		{19C728BA-33FC-4DE1-9375-E622A5404075}.Release|Any CPU.ActiveCfg = Release|Any CPU
		{19C728BA-33FC-4DE1-9375-E622A5404075}.Release|Any CPU.Build.0 = Release|Any CPU
		{81CDCF47-93C6-44F8-B0BF-BE1041C3830C}.Debug|Any CPU.ActiveCfg = Debug|Any CPU
		{81CDCF47-93C6-44F8-B0BF-BE1041C3830C}.Debug|Any CPU.Build.0 = Debug|Any CPU
		{81CDCF47-93C6-44F8-B0BF-BE1041C3830C}.Release|Any CPU.ActiveCfg = Release|Any CPU
		{81CDCF47-93C6-44F8-B0BF-BE1041C3830C}.Release|Any CPU.Build.0 = Release|Any CPU
		{0E99BFFC-615E-4EF5-8547-46442F67BC56}.Debug|Any CPU.ActiveCfg = Debug|Any CPU
		{0E99BFFC-615E-4EF5-8547-46442F67BC56}.Debug|Any CPU.Build.0 = Debug|Any CPU
		{0E99BFFC-615E-4EF5-8547-46442F67BC56}.Release|Any CPU.ActiveCfg = Release|Any CPU
		{0E99BFFC-615E-4EF5-8547-46442F67BC56}.Release|Any CPU.Build.0 = Release|Any CPU
	EndGlobalSection
	GlobalSection(SolutionProperties) = preSolution
		HideSolutionNode = FALSE
	EndGlobalSection
	GlobalSection(ExtensibilityGlobals) = postSolution
		SolutionGuid = {F2730B04-511C-45A7-9E31-E93D454ED4F3}
	EndGlobalSection
	GlobalSection(TeamFoundationVersionControl) = preSolution
		SccNumberOfProjects = 4
		SccEnterpriseProvider = {4CA58AB2-18FA-4F8D-95D4-32DDF27D184C}
		SccTeamFoundationServer = https://anujchauhan.visualstudio.com/
		SccLocalPath0 = .
		SccProjectUniqueName1 = TaskTracker\\TaskTracker.csproj
		SccProjectName1 = TaskTracker
		SccLocalPath1 = TaskTracker
		SccProjectUniqueName2 = Utilities\\Utilities.csproj
		SccProjectName2 = Utilities
		SccLocalPath2 = Utilities
		SccProjectUniqueName3 = EmailService\\EmailService\\EmailService.csproj
		SccProjectName3 = EmailService/EmailService
		SccLocalPath3 = EmailService\\EmailService
	EndGlobalSection
EndGlobal
